
Microsoft Visual Studio Solution File, Format Version 12.00
# Visual Studio Version 17
VisualStudioVersion = 17.0.31903.59
MinimumVisualStudioVersion = 10.0.40219.1
Project("{FAE04EC0-301F-11D3-BF4B-00C04F79EFBC}") = "MyGuide.WebApi", "MyGuide.WebApi\MyGuide.WebApi.csproj", "{FC023C61-FE80-44EF-A955-0337F0CE2810}"
EndProject
Project("{FAE04EC0-301F-11D3-BF4B-00C04F79EFBC}") = "IdentityServer", "IdentityServer\IdentityServer.csproj", "{9F5263D3-EEAC-49AB-9E7B-6F4EDD448D93}"
EndProject
Global
	GlobalSection(SolutionConfigurationPlatforms) = preSolution
		Debug|Any CPU = Debug|Any CPU
		Release|Any CPU = Release|Any CPU
	EndGlobalSection
	GlobalSection(SolutionProperties) = preSolution
		HideSolutionNode = FALSE
	EndGlobalSection
	GlobalSection(ProjectConfigurationPlatforms) = postSolution
		{FC023C61-FE80-44EF-A955-0337F0CE2810}.Debug|Any CPU.ActiveCfg = Debug|Any CPU
		{FC023C61-FE80-44EF-A955-0337F0CE2810}.Debug|Any CPU.Build.0 = Debug|Any CPU
		{FC023C61-FE80-44EF-A955-0337F0CE2810}.Release|Any CPU.ActiveCfg = Release|Any CPU
		{FC023C61-FE80-44EF-A955-0337F0CE2810}.Release|Any CPU.Build.0 = Release|Any CPU
		{9F5263D3-EEAC-49AB-9E7B-6F4EDD448D93}.Debug|Any CPU.ActiveCfg = Debug|Any CPU
		{9F5263D3-EEAC-49AB-9E7B-6F4EDD448D93}.Debug|Any CPU.Build.0 = Debug|Any CPU
		{9F5263D3-EEAC-49AB-9E7B-6F4EDD448D93}.Release|Any CPU.ActiveCfg = Release|Any CPU
		{9F5263D3-EEAC-49AB-9E7B-6F4EDD448D93}.Release|Any CPU.Build.0 = Release|Any CPU
	EndGlobalSection
EndGlobal
